// !$*UTF8*$!
{
	archiveVersion = 1;
	classes = {
	};
	objectVersion = 46;
	objects = {

/* Begin PBXBuildFile section */
		0F9BCEC21C7A16400032E5EA /* ft.css in Resources */ = {isa = PBXBuildFile; fileRef = 0F9BCEC11C7A16400032E5EA /* ft.css */; };
		0F9BCEC81C7A187C0032E5EA /* MJ1990.jpg in Resources */ = {isa = PBXBuildFile; fileRef = 0F9BCEC71C7A187C0032E5EA /* MJ1990.jpg */; };
		0F9BCECA1C7A18A70032E5EA /* MJ2015.jpg in Resources */ = {isa = PBXBuildFile; fileRef = 0F9BCEC91C7A18A70032E5EA /* MJ2015.jpg */; };
		0F9BCECC1C7A18AF0032E5EA /* family1.jpg in Resources */ = {isa = PBXBuildFile; fileRef = 0F9BCECB1C7A18AF0032E5EA /* family1.jpg */; };
		0F9BCECE1C7A379D0032E5EA /* mFam.html in Resources */ = {isa = PBXBuildFile; fileRef = 0F9BCECD1C7A379D0032E5EA /* mFam.html */; };
		0F9BCED71C7A56420032E5EA /* stutzman.jpg in Resources */ = {isa = PBXBuildFile; fileRef = 0F9BCECF1C7A56420032E5EA /* stutzman.jpg */; };
		0F9BCED81C7A56420032E5EA /* stutzmanC.jpg in Resources */ = {isa = PBXBuildFile; fileRef = 0F9BCED01C7A56420032E5EA /* stutzmanC.jpg */; };
		0F9BCED91C7A56420032E5EA /* stutzmanGS.jpg in Resources */ = {isa = PBXBuildFile; fileRef = 0F9BCED11C7A56420032E5EA /* stutzmanGS.jpg */; };
		0F9BCEDA1C7A56420032E5EA /* stutzmanM.jpg in Resources */ = {isa = PBXBuildFile; fileRef = 0F9BCED21C7A56420032E5EA /* stutzmanM.jpg */; };
		0F9BCEDB1C7A56420032E5EA /* weberAnne.png in Resources */ = {isa = PBXBuildFile; fileRef = 0F9BCED31C7A56420032E5EA /* weberAnne.png */; };
		0F9BCEDC1C7A56420032E5EA /* weberC.png in Resources */ = {isa = PBXBuildFile; fileRef = 0F9BCED41C7A56420032E5EA /* weberC.png */; };
		0F9BCEDD1C7A56420032E5EA /* weberG.jpg in Resources */ = {isa = PBXBuildFile; fileRef = 0F9BCED51C7A56420032E5EA /* weberG.jpg */; };
		0F9BCEDE1C7A56420032E5EA /* weberLG.jpg in Resources */ = {isa = PBXBuildFile; fileRef = 0F9BCED61C7A56420032E5EA /* weberLG.jpg */; };
		0F9BCEE01C7A565F0032E5EA /* leitz.jpg in Resources */ = {isa = PBXBuildFile; fileRef = 0F9BCEDF1C7A565F0032E5EA /* leitz.jpg */; };
		0F9BCEE21C7A56690032E5EA /* glaser.jpg in Resources */ = {isa = PBXBuildFile; fileRef = 0F9BCEE11C7A56690032E5EA /* glaser.jpg */; };
		0F9BCEE71C7A56790032E5EA /* dawson.jpg in Resources */ = {isa = PBXBuildFile; fileRef = 0F9BCEE31C7A56790032E5EA /* dawson.jpg */; };
		0F9BCEE81C7A56790032E5EA /* dawsonJ.png in Resources */ = {isa = PBXBuildFile; fileRef = 0F9BCEE41C7A56790032E5EA /* dawsonJ.png */; };
		0F9BCEE91C7A56790032E5EA /* dawsonLuna.jpg in Resources */ = {isa = PBXBuildFile; fileRef = 0F9BCEE51C7A56790032E5EA /* dawsonLuna.jpg */; };
		0F9BCEEA1C7A56790032E5EA /* dawsonT.png in Resources */ = {isa = PBXBuildFile; fileRef = 0F9BCEE61C7A56790032E5EA /* dawsonT.png */; };
		0F9BCEEE1C7A59340032E5EA /* jFam.html in Resources */ = {isa = PBXBuildFile; fileRef = 0F9BCEED1C7A59340032E5EA /* jFam.html */; };
		0F9BCEF01C7A88950032E5EA /* jFamViewController.swift in Sources */ = {isa = PBXBuildFile; fileRef = 0F9BCEEF1C7A88950032E5EA /* jFamViewController.swift */; };
		0F9BCEF41C7A8C070032E5EA /* carlsonK.png in Resources */ = {isa = PBXBuildFile; fileRef = 0F9BCEF11C7A8C070032E5EA /* carlsonK.png */; };
		0F9BCEF51C7A8C070032E5EA /* carlsonKD.jpg in Resources */ = {isa = PBXBuildFile; fileRef = 0F9BCEF21C7A8C070032E5EA /* carlsonKD.jpg */; };
		0F9BCEF61C7A8C070032E5EA /* carlsonL.png in Resources */ = {isa = PBXBuildFile; fileRef = 0F9BCEF31C7A8C070032E5EA /* carlsonL.png */; };
		0F9BCEF81C7A8C210032E5EA /* hottie.jpg in Resources */ = {isa = PBXBuildFile; fileRef = 0F9BCEF71C7A8C210032E5EA /* hottie.jpg */; };
		0F9BCEFB1C7A8C540032E5EA /* kevin.jpg in Resources */ = {isa = PBXBuildFile; fileRef = 0F9BCEF91C7A8C540032E5EA /* kevin.jpg */; };
		0F9BCEFC1C7A8C540032E5EA /* sizzle.jpg in Resources */ = {isa = PBXBuildFile; fileRef = 0F9BCEFA1C7A8C540032E5EA /* sizzle.jpg */; };
		0FB180541C790D0F00F751A8 /* AppDelegate.swift in Sources */ = {isa = PBXBuildFile; fileRef = 0FB180531C790D0F00F751A8 /* AppDelegate.swift */; };
		0FB180561C790D0F00F751A8 /* FirstViewController.swift in Sources */ = {isa = PBXBuildFile; fileRef = 0FB180551C790D0F00F751A8 /* FirstViewController.swift */; };
		0FB180581C790D0F00F751A8 /* SecondViewController.swift in Sources */ = {isa = PBXBuildFile; fileRef = 0FB180571C790D0F00F751A8 /* SecondViewController.swift */; };
		0FB1805B1C790D0F00F751A8 /* Main.storyboard in Resources */ = {isa = PBXBuildFile; fileRef = 0FB180591C790D0F00F751A8 /* Main.storyboard */; };
		0FB1805D1C790D0F00F751A8 /* Assets.xcassets in Resources */ = {isa = PBXBuildFile; fileRef = 0FB1805C1C790D0F00F751A8 /* Assets.xcassets */; };
		0FB180601C790D0F00F751A8 /* LaunchScreen.storyboard in Resources */ = {isa = PBXBuildFile; fileRef = 0FB1805E1C790D0F00F751A8 /* LaunchScreen.storyboard */; };
		0FB1806B1C790D0F00F751A8 /* Fmly_TreeTests.swift in Sources */ = {isa = PBXBuildFile; fileRef = 0FB1806A1C790D0F00F751A8 /* Fmly_TreeTests.swift */; };
		0FB180761C790D0F00F751A8 /* Fmly_TreeUITests.swift in Sources */ = {isa = PBXBuildFile; fileRef = 0FB180751C790D0F00F751A8 /* Fmly_TreeUITests.swift */; };
		0FB180841C7949D500F751A8 /* ourStory.html in Resources */ = {isa = PBXBuildFile; fileRef = 0FB180831C7949D500F751A8 /* ourStory.html */; };
		0FB180901C796FE400F751A8 /* ImmFamViewController.swift in Sources */ = {isa = PBXBuildFile; fileRef = 0FB1808F1C796FE400F751A8 /* ImmFamViewController.swift */; };
/* End PBXBuildFile section */

/* Begin PBXContainerItemProxy section */
		0FB180671C790D0F00F751A8 /* PBXContainerItemProxy */ = {
			isa = PBXContainerItemProxy;
			containerPortal = 0FB180481C790D0F00F751A8 /* Project object */;
			proxyType = 1;
			remoteGlobalIDString = 0FB1804F1C790D0F00F751A8;
			remoteInfo = "Fmly Tree";
		};
		0FB180721C790D0F00F751A8 /* PBXContainerItemProxy */ = {
			isa = PBXContainerItemProxy;
			containerPortal = 0FB180481C790D0F00F751A8 /* Project object */;
			proxyType = 1;
			remoteGlobalIDString = 0FB1804F1C790D0F00F751A8;
			remoteInfo = "Fmly Tree";
		};
/* End PBXContainerItemProxy section */

/* Begin PBXFileReference section */
		0F9BCEC11C7A16400032E5EA /* ft.css */ = {isa = PBXFileReference; fileEncoding = 4; lastKnownFileType = text.css; name = ft.css; path = ../ft.css; sourceTree = "<group>"; };
		0F9BCEC71C7A187C0032E5EA /* MJ1990.jpg */ = {isa = PBXFileReference; lastKnownFileType = image.jpeg; path = MJ1990.jpg; sourceTree = "<group>"; };
		0F9BCEC91C7A18A70032E5EA /* MJ2015.jpg */ = {isa = PBXFileReference; lastKnownFileType = image.jpeg; path = MJ2015.jpg; sourceTree = "<group>"; };
		0F9BCECB1C7A18AF0032E5EA /* family1.jpg */ = {isa = PBXFileReference; lastKnownFileType = image.jpeg; path = family1.jpg; sourceTree = "<group>"; };
		0F9BCECD1C7A379D0032E5EA /* mFam.html */ = {isa = PBXFileReference; fileEncoding = 4; lastKnownFileType = text.html; path = mFam.html; sourceTree = "<group>"; };
		0F9BCECF1C7A56420032E5EA /* stutzman.jpg */ = {isa = PBXFileReference; lastKnownFileType = image.jpeg; path = stutzman.jpg; sourceTree = "<group>"; };
		0F9BCED01C7A56420032E5EA /* stutzmanC.jpg */ = {isa = PBXFileReference; lastKnownFileType = image.jpeg; path = stutzmanC.jpg; sourceTree = "<group>"; };
		0F9BCED11C7A56420032E5EA /* stutzmanGS.jpg */ = {isa = PBXFileReference; lastKnownFileType = image.jpeg; path = stutzmanGS.jpg; sourceTree = "<group>"; };
		0F9BCED21C7A56420032E5EA /* stutzmanM.jpg */ = {isa = PBXFileReference; lastKnownFileType = image.jpeg; path = stutzmanM.jpg; sourceTree = "<group>"; };
		0F9BCED31C7A56420032E5EA /* weberAnne.png */ = {isa = PBXFileReference; lastKnownFileType = image.png; path = weberAnne.png; sourceTree = "<group>"; };
		0F9BCED41C7A56420032E5EA /* weberC.png */ = {isa = PBXFileReference; lastKnownFileType = image.png; path = weberC.png; sourceTree = "<group>"; };
		0F9BCED51C7A56420032E5EA /* weberG.jpg */ = {isa = PBXFileReference; lastKnownFileType = image.jpeg; path = weberG.jpg; sourceTree = "<group>"; };
		0F9BCED61C7A56420032E5EA /* weberLG.jpg */ = {isa = PBXFileReference; lastKnownFileType = image.jpeg; path = weberLG.jpg; sourceTree = "<group>"; };
		0F9BCEDF1C7A565F0032E5EA /* leitz.jpg */ = {isa = PBXFileReference; lastKnownFileType = image.jpeg; path = leitz.jpg; sourceTree = "<group>"; };
		0F9BCEE11C7A56690032E5EA /* glaser.jpg */ = {isa = PBXFileReference; lastKnownFileType = image.jpeg; path = glaser.jpg; sourceTree = "<group>"; };
		0F9BCEE31C7A56790032E5EA /* dawson.jpg */ = {isa = PBXFileReference; lastKnownFileType = image.jpeg; path = dawson.jpg; sourceTree = "<group>"; };
		0F9BCEE41C7A56790032E5EA /* dawsonJ.png */ = {isa = PBXFileReference; lastKnownFileType = image.png; path = dawsonJ.png; sourceTree = "<group>"; };
		0F9BCEE51C7A56790032E5EA /* dawsonLuna.jpg */ = {isa = PBXFileReference; lastKnownFileType = image.jpeg; path = dawsonLuna.jpg; sourceTree = "<group>"; };
		0F9BCEE61C7A56790032E5EA /* dawsonT.png */ = {isa = PBXFileReference; lastKnownFileType = image.png; path = dawsonT.png; sourceTree = "<group>"; };
		0F9BCEED1C7A59340032E5EA /* jFam.html */ = {isa = PBXFileReference; fileEncoding = 4; lastKnownFileType = text.html; path = jFam.html; sourceTree = "<group>"; };
		0F9BCEEF1C7A88950032E5EA /* jFamViewController.swift */ = {isa = PBXFileReference; fileEncoding = 4; lastKnownFileType = sourcecode.swift; path = jFamViewController.swift; sourceTree = "<group>"; };
		0F9BCEF11C7A8C070032E5EA /* carlsonK.png */ = {isa = PBXFileReference; lastKnownFileType = image.png; path = carlsonK.png; sourceTree = "<group>"; };
		0F9BCEF21C7A8C070032E5EA /* carlsonKD.jpg */ = {isa = PBXFileReference; lastKnownFileType = image.jpeg; path = carlsonKD.jpg; sourceTree = "<group>"; };
		0F9BCEF31C7A8C070032E5EA /* carlsonL.png */ = {isa = PBXFileReference; lastKnownFileType = image.png; path = carlsonL.png; sourceTree = "<group>"; };
		0F9BCEF71C7A8C210032E5EA /* hottie.jpg */ = {isa = PBXFileReference; lastKnownFileType = image.jpeg; path = hottie.jpg; sourceTree = "<group>"; };
		0F9BCEF91C7A8C540032E5EA /* kevin.jpg */ = {isa = PBXFileReference; lastKnownFileType = image.jpeg; path = kevin.jpg; sourceTree = "<group>"; };
		0F9BCEFA1C7A8C540032E5EA /* sizzle.jpg */ = {isa = PBXFileReference; lastKnownFileType = image.jpeg; path = sizzle.jpg; sourceTree = "<group>"; };
		0FB180501C790D0F00F751A8 /* Fmly Tree.app */ = {isa = PBXFileReference; explicitFileType = wrapper.application; includeInIndex = 0; path = "Fmly Tree.app"; sourceTree = BUILT_PRODUCTS_DIR; };
		0FB180531C790D0F00F751A8 /* AppDelegate.swift */ = {isa = PBXFileReference; lastKnownFileType = sourcecode.swift; path = AppDelegate.swift; sourceTree = "<group>"; };
		0FB180551C790D0F00F751A8 /* FirstViewController.swift */ = {isa = PBXFileReference; lastKnownFileType = sourcecode.swift; path = FirstViewController.swift; sourceTree = "<group>"; };
		0FB180571C790D0F00F751A8 /* SecondViewController.swift */ = {isa = PBXFileReference; lastKnownFileType = sourcecode.swift; path = SecondViewController.swift; sourceTree = "<group>"; };
		0FB1805A1C790D0F00F751A8 /* Base */ = {isa = PBXFileReference; lastKnownFileType = file.storyboard; name = Base; path = Base.lproj/Main.storyboard; sourceTree = "<group>"; };
		0FB1805C1C790D0F00F751A8 /* Assets.xcassets */ = {isa = PBXFileReference; lastKnownFileType = folder.assetcatalog; path = Assets.xcassets; sourceTree = "<group>"; };
		0FB1805F1C790D0F00F751A8 /* Base */ = {isa = PBXFileReference; lastKnownFileType = file.storyboard; name = Base; path = Base.lproj/LaunchScreen.storyboard; sourceTree = "<group>"; };
		0FB180611C790D0F00F751A8 /* Info.plist */ = {isa = PBXFileReference; lastKnownFileType = text.plist.xml; path = Info.plist; sourceTree = "<group>"; };
		0FB180661C790D0F00F751A8 /* Fmly TreeTests.xctest */ = {isa = PBXFileReference; explicitFileType = wrapper.cfbundle; includeInIndex = 0; path = "Fmly TreeTests.xctest"; sourceTree = BUILT_PRODUCTS_DIR; };
		0FB1806A1C790D0F00F751A8 /* Fmly_TreeTests.swift */ = {isa = PBXFileReference; lastKnownFileType = sourcecode.swift; path = Fmly_TreeTests.swift; sourceTree = "<group>"; };
		0FB1806C1C790D0F00F751A8 /* Info.plist */ = {isa = PBXFileReference; lastKnownFileType = text.plist.xml; path = Info.plist; sourceTree = "<group>"; };
		0FB180711C790D0F00F751A8 /* Fmly TreeUITests.xctest */ = {isa = PBXFileReference; explicitFileType = wrapper.cfbundle; includeInIndex = 0; path = "Fmly TreeUITests.xctest"; sourceTree = BUILT_PRODUCTS_DIR; };
		0FB180751C790D0F00F751A8 /* Fmly_TreeUITests.swift */ = {isa = PBXFileReference; lastKnownFileType = sourcecode.swift; path = Fmly_TreeUITests.swift; sourceTree = "<group>"; };
		0FB180771C790D0F00F751A8 /* Info.plist */ = {isa = PBXFileReference; lastKnownFileType = text.plist.xml; path = Info.plist; sourceTree = "<group>"; };
		0FB180831C7949D500F751A8 /* ourStory.html */ = {isa = PBXFileReference; fileEncoding = 4; lastKnownFileType = text.html; path = ourStory.html; sourceTree = "<group>"; };
		0FB1808F1C796FE400F751A8 /* ImmFamViewController.swift */ = {isa = PBXFileReference; fileEncoding = 4; lastKnownFileType = sourcecode.swift; path = ImmFamViewController.swift; sourceTree = "<group>"; };
/* End PBXFileReference section */

/* Begin PBXFrameworksBuildPhase section */
		0FB1804D1C790D0F00F751A8 /* Frameworks */ = {
			isa = PBXFrameworksBuildPhase;
			buildActionMask = 2147483647;
			files = (
			);
			runOnlyForDeploymentPostprocessing = 0;
		};
		0FB180631C790D0F00F751A8 /* Frameworks */ = {
			isa = PBXFrameworksBuildPhase;
			buildActionMask = 2147483647;
			files = (
			);
			runOnlyForDeploymentPostprocessing = 0;
		};
		0FB1806E1C790D0F00F751A8 /* Frameworks */ = {
			isa = PBXFrameworksBuildPhase;
			buildActionMask = 2147483647;
			files = (
			);
			runOnlyForDeploymentPostprocessing = 0;
		};
/* End PBXFrameworksBuildPhase section */

/* Begin PBXGroup section */
		0FB180471C790D0F00F751A8 = {
			isa = PBXGroup;
			children = (
				0F9BCEF91C7A8C540032E5EA /* kevin.jpg */,
				0F9BCEFA1C7A8C540032E5EA /* sizzle.jpg */,
				0F9BCEF71C7A8C210032E5EA /* hottie.jpg */,
				0F9BCEF11C7A8C070032E5EA /* carlsonK.png */,
				0F9BCEF21C7A8C070032E5EA /* carlsonKD.jpg */,
				0F9BCEF31C7A8C070032E5EA /* carlsonL.png */,
				0F9BCEE31C7A56790032E5EA /* dawson.jpg */,
				0F9BCEE41C7A56790032E5EA /* dawsonJ.png */,
				0F9BCEE51C7A56790032E5EA /* dawsonLuna.jpg */,
				0F9BCEE61C7A56790032E5EA /* dawsonT.png */,
				0F9BCEE11C7A56690032E5EA /* glaser.jpg */,
				0F9BCEDF1C7A565F0032E5EA /* leitz.jpg */,
				0F9BCECF1C7A56420032E5EA /* stutzman.jpg */,
				0F9BCED01C7A56420032E5EA /* stutzmanC.jpg */,
				0F9BCED11C7A56420032E5EA /* stutzmanGS.jpg */,
				0F9BCED21C7A56420032E5EA /* stutzmanM.jpg */,
				0F9BCED31C7A56420032E5EA /* weberAnne.png */,
				0F9BCED41C7A56420032E5EA /* weberC.png */,
				0F9BCED51C7A56420032E5EA /* weberG.jpg */,
				0F9BCED61C7A56420032E5EA /* weberLG.jpg */,
				0F9BCECB1C7A18AF0032E5EA /* family1.jpg */,
				0F9BCEC91C7A18A70032E5EA /* MJ2015.jpg */,
				0F9BCEC71C7A187C0032E5EA /* MJ1990.jpg */,
				0FB180521C790D0F00F751A8 /* Fmly Tree */,
				0FB180691C790D0F00F751A8 /* Fmly TreeTests */,
				0FB180741C790D0F00F751A8 /* Fmly TreeUITests */,
				0FB180511C790D0F00F751A8 /* Products */,
			);
			sourceTree = "<group>";
		};
		0FB180511C790D0F00F751A8 /* Products */ = {
			isa = PBXGroup;
			children = (
				0FB180501C790D0F00F751A8 /* Fmly Tree.app */,
				0FB180661C790D0F00F751A8 /* Fmly TreeTests.xctest */,
				0FB180711C790D0F00F751A8 /* Fmly TreeUITests.xctest */,
			);
			name = Products;
			sourceTree = "<group>";
		};
		0FB180521C790D0F00F751A8 /* Fmly Tree */ = {
			isa = PBXGroup;
			children = (
				0FB180531C790D0F00F751A8 /* AppDelegate.swift */,
				0FB180551C790D0F00F751A8 /* FirstViewController.swift */,
				0FB180571C790D0F00F751A8 /* SecondViewController.swift */,
				0FB180591C790D0F00F751A8 /* Main.storyboard */,
				0FB1805C1C790D0F00F751A8 /* Assets.xcassets */,
				0FB1805E1C790D0F00F751A8 /* LaunchScreen.storyboard */,
				0FB180611C790D0F00F751A8 /* Info.plist */,
				0F9BCEC11C7A16400032E5EA /* ft.css */,
				0FB180831C7949D500F751A8 /* ourStory.html */,
				0FB1808F1C796FE400F751A8 /* ImmFamViewController.swift */,
				0F9BCECD1C7A379D0032E5EA /* mFam.html */,
				0F9BCEED1C7A59340032E5EA /* jFam.html */,
				0F9BCEEF1C7A88950032E5EA /* jFamViewController.swift */,
			);
			path = "Fmly Tree";
			sourceTree = "<group>";
		};
		0FB180691C790D0F00F751A8 /* Fmly TreeTests */ = {
			isa = PBXGroup;
			children = (
				0FB1806A1C790D0F00F751A8 /* Fmly_TreeTests.swift */,
				0FB1806C1C790D0F00F751A8 /* Info.plist */,
			);
			path = "Fmly TreeTests";
			sourceTree = "<group>";
		};
		0FB180741C790D0F00F751A8 /* Fmly TreeUITests */ = {
			isa = PBXGroup;
			children = (
				0FB180751C790D0F00F751A8 /* Fmly_TreeUITests.swift */,
				0FB180771C790D0F00F751A8 /* Info.plist */,
			);
			path = "Fmly TreeUITests";
			sourceTree = "<group>";
		};
/* End PBXGroup section */

/* Begin PBXNativeTarget section */
		0FB1804F1C790D0F00F751A8 /* Fmly Tree */ = {
			isa = PBXNativeTarget;
			buildConfigurationList = 0FB1807A1C790D0F00F751A8 /* Build configuration list for PBXNativeTarget "Fmly Tree" */;
			buildPhases = (
				0FB1804C1C790D0F00F751A8 /* Sources */,
				0FB1804D1C790D0F00F751A8 /* Frameworks */,
				0FB1804E1C790D0F00F751A8 /* Resources */,
			);
			buildRules = (
			);
			dependencies = (
			);
			name = "Fmly Tree";
			productName = "Fmly Tree";
			productReference = 0FB180501C790D0F00F751A8 /* Fmly Tree.app */;
			productType = "com.apple.product-type.application";
		};
		0FB180651C790D0F00F751A8 /* Fmly TreeTests */ = {
			isa = PBXNativeTarget;
			buildConfigurationList = 0FB1807D1C790D0F00F751A8 /* Build configuration list for PBXNativeTarget "Fmly TreeTests" */;
			buildPhases = (
				0FB180621C790D0F00F751A8 /* Sources */,
				0FB180631C790D0F00F751A8 /* Frameworks */,
				0FB180641C790D0F00F751A8 /* Resources */,
			);
			buildRules = (
			);
			dependencies = (
				0FB180681C790D0F00F751A8 /* PBXTargetDependency */,
			);
			name = "Fmly TreeTests";
			productName = "Fmly TreeTests";
			productReference = 0FB180661C790D0F00F751A8 /* Fmly TreeTests.xctest */;
			productType = "com.apple.product-type.bundle.unit-test";
		};
		0FB180701C790D0F00F751A8 /* Fmly TreeUITests */ = {
			isa = PBXNativeTarget;
			buildConfigurationList = 0FB180801C790D0F00F751A8 /* Build configuration list for PBXNativeTarget "Fmly TreeUITests" */;
			buildPhases = (
				0FB1806D1C790D0F00F751A8 /* Sources */,
				0FB1806E1C790D0F00F751A8 /* Frameworks */,
				0FB1806F1C790D0F00F751A8 /* Resources */,
			);
			buildRules = (
			);
			dependencies = (
				0FB180731C790D0F00F751A8 /* PBXTargetDependency */,
			);
			name = "Fmly TreeUITests";
			productName = "Fmly TreeUITests";
			productReference = 0FB180711C790D0F00F751A8 /* Fmly TreeUITests.xctest */;
			productType = "com.apple.product-type.bundle.ui-testing";
		};
/* End PBXNativeTarget section */

/* Begin PBXProject section */
		0FB180481C790D0F00F751A8 /* Project object */ = {
			isa = PBXProject;
			attributes = {
				LastSwiftUpdateCheck = 0720;
				LastUpgradeCheck = 0720;
				ORGANIZATIONNAME = "Weber Solutions";
				TargetAttributes = {
					0FB1804F1C790D0F00F751A8 = {
						CreatedOnToolsVersion = 7.2;
						DevelopmentTeam = 2RY89Q7RCD;
					};
					0FB180651C790D0F00F751A8 = {
						CreatedOnToolsVersion = 7.2;
						DevelopmentTeam = 2RY89Q7RCD;
						TestTargetID = 0FB1804F1C790D0F00F751A8;
					};
					0FB180701C790D0F00F751A8 = {
						CreatedOnToolsVersion = 7.2;
						DevelopmentTeam = 2RY89Q7RCD;
						TestTargetID = 0FB1804F1C790D0F00F751A8;
					};
				};
			};
			buildConfigurationList = 0FB1804B1C790D0F00F751A8 /* Build configuration list for PBXProject "Fmly Tree" */;
			compatibilityVersion = "Xcode 3.2";
			developmentRegion = English;
			hasScannedForEncodings = 0;
			knownRegions = (
				en,
				Base,
			);
			mainGroup = 0FB180471C790D0F00F751A8;
			productRefGroup = 0FB180511C790D0F00F751A8 /* Products */;
			projectDirPath = "";
			projectRoot = "";
			targets = (
				0FB1804F1C790D0F00F751A8 /* Fmly Tree */,
				0FB180651C790D0F00F751A8 /* Fmly TreeTests */,
				0FB180701C790D0F00F751A8 /* Fmly TreeUITests */,
			);
		};
/* End PBXProject section */

/* Begin PBXResourcesBuildPhase section */
		0FB1804E1C790D0F00F751A8 /* Resources */ = {
			isa = PBXResourcesBuildPhase;
			buildActionMask = 2147483647;
			files = (
				0F9BCEC21C7A16400032E5EA /* ft.css in Resources */,
				0FB180601C790D0F00F751A8 /* LaunchScreen.storyboard in Resources */,
				0FB1805D1C790D0F00F751A8 /* Assets.xcassets in Resources */,
				0F9BCECC1C7A18AF0032E5EA /* family1.jpg in Resources */,
				0F9BCEC81C7A187C0032E5EA /* MJ1990.jpg in Resources */,
				0F9BCED71C7A56420032E5EA /* stutzman.jpg in Resources */,
				0F9BCED81C7A56420032E5EA /* stutzmanC.jpg in Resources */,
				0F9BCEE71C7A56790032E5EA /* dawson.jpg in Resources */,
				0F9BCEE81C7A56790032E5EA /* dawsonJ.png in Resources */,
				0F9BCEE91C7A56790032E5EA /* dawsonLuna.jpg in Resources */,
				0F9BCEEE1C7A59340032E5EA /* jFam.html in Resources */,
				0F9BCEF41C7A8C070032E5EA /* carlsonK.png in Resources */,
				0F9BCEFB1C7A8C540032E5EA /* kevin.jpg in Resources */,
				0F9BCEFC1C7A8C540032E5EA /* sizzle.jpg in Resources */,
				0F9BCEF51C7A8C070032E5EA /* carlsonKD.jpg in Resources */,
				0F9BCEF61C7A8C070032E5EA /* carlsonL.png in Resources */,
				0F9BCEF81C7A8C210032E5EA /* hottie.jpg in Resources */,
				0F9BCEEA1C7A56790032E5EA /* dawsonT.png in Resources */,
				0F9BCEE01C7A565F0032E5EA /* leitz.jpg in Resources */,
				0F9BCED91C7A56420032E5EA /* stutzmanGS.jpg in Resources */,
				0F9BCEDA1C7A56420032E5EA /* stutzmanM.jpg in Resources */,
				0F9BCEE21C7A56690032E5EA /* glaser.jpg in Resources */,
				0F9BCEDB1C7A56420032E5EA /* weberAnne.png in Resources */,
				0F9BCEDC1C7A56420032E5EA /* weberC.png in Resources */,
				0F9BCEDD1C7A56420032E5EA /* weberG.jpg in Resources */,
				0F9BCEDE1C7A56420032E5EA /* weberLG.jpg in Resources */,
				0F9BCECA1C7A18A70032E5EA /* MJ2015.jpg in Resources */,
				0FB1805B1C790D0F00F751A8 /* Main.storyboard in Resources */,
				0F9BCECE1C7A379D0032E5EA /* mFam.html in Resources */,
				0FB180841C7949D500F751A8 /* ourStory.html in Resources */,
			);
			runOnlyForDeploymentPostprocessing = 0;
		};
		0FB180641C790D0F00F751A8 /* Resources */ = {
			isa = PBXResourcesBuildPhase;
			buildActionMask = 2147483647;
			files = (
			);
			runOnlyForDeploymentPostprocessing = 0;
		};
		0FB1806F1C790D0F00F751A8 /* Resources */ = {
			isa = PBXResourcesBuildPhase;
			buildActionMask = 2147483647;
			files = (
			);
			runOnlyForDeploymentPostprocessing = 0;
		};
/* End PBXResourcesBuildPhase section */

/* Begin PBXSourcesBuildPhase section */
		0FB1804C1C790D0F00F751A8 /* Sources */ = {
			isa = PBXSourcesBuildPhase;
			buildActionMask = 2147483647;
			files = (
				0F9BCEF01C7A88950032E5EA /* jFamViewController.swift in Sources */,
				0FB180581C790D0F00F751A8 /* SecondViewController.swift in Sources */,
				0FB180541C790D0F00F751A8 /* AppDelegate.swift in Sources */,
				0FB180561C790D0F00F751A8 /* FirstViewController.swift in Sources */,
				0FB180901C796FE400F751A8 /* ImmFamViewController.swift in Sources */,
			);
			runOnlyForDeploymentPostprocessing = 0;
		};
		0FB180621C790D0F00F751A8 /* Sources */ = {
			isa = PBXSourcesBuildPhase;
			buildActionMask = 2147483647;
			files = (
				0FB1806B1C790D0F00F751A8 /* Fmly_TreeTests.swift in Sources */,
			);
			runOnlyForDeploymentPostprocessing = 0;
		};
		0FB1806D1C790D0F00F751A8 /* Sources */ = {
			isa = PBXSourcesBuildPhase;
			buildActionMask = 2147483647;
			files = (
				0FB180761C790D0F00F751A8 /* Fmly_TreeUITests.swift in Sources */,
			);
			runOnlyForDeploymentPostprocessing = 0;
		};
/* End PBXSourcesBuildPhase section */

/* Begin PBXTargetDependency section */
		0FB180681C790D0F00F751A8 /* PBXTargetDependency */ = {
			isa = PBXTargetDependency;
			target = 0FB1804F1C790D0F00F751A8 /* Fmly Tree */;
			targetProxy = 0FB180671C790D0F00F751A8 /* PBXContainerItemProxy */;
		};
		0FB180731C790D0F00F751A8 /* PBXTargetDependency */ = {
			isa = PBXTargetDependency;
			target = 0FB1804F1C790D0F00F751A8 /* Fmly Tree */;
			targetProxy = 0FB180721C790D0F00F751A8 /* PBXContainerItemProxy */;
		};
/* End PBXTargetDependency section */

/* Begin PBXVariantGroup section */
		0FB180591C790D0F00F751A8 /* Main.storyboard */ = {
			isa = PBXVariantGroup;
			children = (
				0FB1805A1C790D0F00F751A8 /* Base */,
			);
			name = Main.storyboard;
			sourceTree = "<group>";
		};
		0FB1805E1C790D0F00F751A8 /* LaunchScreen.storyboard */ = {
			isa = PBXVariantGroup;
			children = (
				0FB1805F1C790D0F00F751A8 /* Base */,
			);
			name = LaunchScreen.storyboard;
			sourceTree = "<group>";
		};
/* End PBXVariantGroup section */

/* Begin XCBuildConfiguration section */
		0FB180781C790D0F00F751A8 /* Debug */ = {
			isa = XCBuildConfiguration;
			buildSettings = {
				ALWAYS_SEARCH_USER_PATHS = NO;
				CLANG_CXX_LANGUAGE_STANDARD = "gnu++0x";
				CLANG_CXX_LIBRARY = "libc++";
				CLANG_ENABLE_MODULES = YES;
				CLANG_ENABLE_OBJC_ARC = YES;
				CLANG_WARN_BOOL_CONVERSION = YES;
				CLANG_WARN_CONSTANT_CONVERSION = YES;
				CLANG_WARN_DIRECT_OBJC_ISA_USAGE = YES_ERROR;
				CLANG_WARN_EMPTY_BODY = YES;
				CLANG_WARN_ENUM_CONVERSION = YES;
				CLANG_WARN_INT_CONVERSION = YES;
				CLANG_WARN_OBJC_ROOT_CLASS = YES_ERROR;
				CLANG_WARN_UNREACHABLE_CODE = YES;
				CLANG_WARN__DUPLICATE_METHOD_MATCH = YES;
				"CODE_SIGN_IDENTITY[sdk=iphoneos*]" = "iPhone Developer";
				COPY_PHASE_STRIP = NO;
				DEBUG_INFORMATION_FORMAT = dwarf;
				ENABLE_STRICT_OBJC_MSGSEND = YES;
				ENABLE_TESTABILITY = YES;
				GCC_C_LANGUAGE_STANDARD = gnu99;
				GCC_DYNAMIC_NO_PIC = NO;
				GCC_NO_COMMON_BLOCKS = YES;
				GCC_OPTIMIZATION_LEVEL = 0;
				GCC_PREPROCESSOR_DEFINITIONS = (
					"DEBUG=1",
					"$(inherited)",
				);
				GCC_WARN_64_TO_32_BIT_CONVERSION = YES;
				GCC_WARN_ABOUT_RETURN_TYPE = YES_ERROR;
				GCC_WARN_UNDECLARED_SELECTOR = YES;
				GCC_WARN_UNINITIALIZED_AUTOS = YES_AGGRESSIVE;
				GCC_WARN_UNUSED_FUNCTION = YES;
				GCC_WARN_UNUSED_VARIABLE = YES;
				IPHONEOS_DEPLOYMENT_TARGET = 9.2;
				MTL_ENABLE_DEBUG_INFO = YES;
				ONLY_ACTIVE_ARCH = YES;
				SDKROOT = iphoneos;
				SWIFT_OPTIMIZATION_LEVEL = "-Onone";
				TARGETED_DEVICE_FAMILY = "1,2";
			};
			name = Debug;
		};
		0FB180791C790D0F00F751A8 /* Release */ = {
			isa = XCBuildConfiguration;
			buildSettings = {
				ALWAYS_SEARCH_USER_PATHS = NO;
				CLANG_CXX_LANGUAGE_STANDARD = "gnu++0x";
				CLANG_CXX_LIBRARY = "libc++";
				CLANG_ENABLE_MODULES = YES;
				CLANG_ENABLE_OBJC_ARC = YES;
				CLANG_WARN_BOOL_CONVERSION = YES;
				CLANG_WARN_CONSTANT_CONVERSION = YES;
				CLANG_WARN_DIRECT_OBJC_ISA_USAGE = YES_ERROR;
				CLANG_WARN_EMPTY_BODY = YES;
				CLANG_WARN_ENUM_CONVERSION = YES;
				CLANG_WARN_INT_CONVERSION = YES;
				CLANG_WARN_OBJC_ROOT_CLASS = YES_ERROR;
				CLANG_WARN_UNREACHABLE_CODE = YES;
				CLANG_WARN__DUPLICATE_METHOD_MATCH = YES;
				"CODE_SIGN_IDENTITY[sdk=iphoneos*]" = "iPhone Developer";
				COPY_PHASE_STRIP = NO;
				DEBUG_INFORMATION_FORMAT = "dwarf-with-dsym";
				ENABLE_NS_ASSERTIONS = NO;
				ENABLE_STRICT_OBJC_MSGSEND = YES;
				GCC_C_LANGUAGE_STANDARD = gnu99;
				GCC_NO_COMMON_BLOCKS = YES;
				GCC_WARN_64_TO_32_BIT_CONVERSION = YES;
				GCC_WARN_ABOUT_RETURN_TYPE = YES_ERROR;
				GCC_WARN_UNDECLARED_SELECTOR = YES;
				GCC_WARN_UNINITIALIZED_AUTOS = YES_AGGRESSIVE;
				GCC_WARN_UNUSED_FUNCTION = YES;
				GCC_WARN_UNUSED_VARIABLE = YES;
				IPHONEOS_DEPLOYMENT_TARGET = 9.2;
				MTL_ENABLE_DEBUG_INFO = NO;
				SDKROOT = iphoneos;
				TARGETED_DEVICE_FAMILY = "1,2";
				VALIDATE_PRODUCT = YES;
			};
			name = Release;
		};
		0FB1807B1C790D0F00F751A8 /* Debug */ = {
			isa = XCBuildConfiguration;
			buildSettings = {
				ASSETCATALOG_COMPILER_APPICON_NAME = AppIcon;
				INFOPLIST_FILE = "Fmly Tree/Info.plist";
				LD_RUNPATH_SEARCH_PATHS = "$(inherited) @executable_path/Frameworks";
				PRODUCT_BUNDLE_IDENTIFIER = "com.WeberSolutions.Fmly-Tree";
				PRODUCT_NAME = "$(TARGET_NAME)";
			};
			name = Debug;
		};
		0FB1807C1C790D0F00F751A8 /* Release */ = {
			isa = XCBuildConfiguration;
			buildSettings = {
				ASSETCATALOG_COMPILER_APPICON_NAME = AppIcon;
				INFOPLIST_FILE = "Fmly Tree/Info.plist";
				LD_RUNPATH_SEARCH_PATHS = "$(inherited) @executable_path/Frameworks";
				PRODUCT_BUNDLE_IDENTIFIER = "com.WeberSolutions.Fmly-Tree";
				PRODUCT_NAME = "$(TARGET_NAME)";
			};
			name = Release;
		};
		0FB1807E1C790D0F00F751A8 /* Debug */ = {
			isa = XCBuildConfiguration;
			buildSettings = {
				BUNDLE_LOADER = "$(TEST_HOST)";
				INFOPLIST_FILE = "Fmly TreeTests/Info.plist";
				LD_RUNPATH_SEARCH_PATHS = "$(inherited) @executable_path/Frameworks @loader_path/Frameworks";
				PRODUCT_BUNDLE_IDENTIFIER = "com.WeberSolutions.Fmly-TreeTests";
				PRODUCT_NAME = "$(TARGET_NAME)";
				TEST_HOST = "$(BUILT_PRODUCTS_DIR)/Fmly Tree.app/Fmly Tree";
			};
			name = Debug;
		};
		0FB1807F1C790D0F00F751A8 /* Release */ = {
			isa = XCBuildConfiguration;
			buildSettings = {
				BUNDLE_LOADER = "$(TEST_HOST)";
				INFOPLIST_FILE = "Fmly TreeTests/Info.plist";
				LD_RUNPATH_SEARCH_PATHS = "$(inherited) @executable_path/Frameworks @loader_path/Frameworks";
				PRODUCT_BUNDLE_IDENTIFIER = "com.WeberSolutions.Fmly-TreeTests";
				PRODUCT_NAME = "$(TARGET_NAME)";
				TEST_HOST = "$(BUILT_PRODUCTS_DIR)/Fmly Tree.app/Fmly Tree";
			};
			name = Release;
		};
		0FB180811C790D0F00F751A8 /* Debug */ = {
			isa = XCBuildConfiguration;
			buildSettings = {
				INFOPLIST_FILE = "Fmly TreeUITests/Info.plist";
				LD_RUNPATH_SEARCH_PATHS = "$(inherited) @executable_path/Frameworks @loader_path/Frameworks";
				PRODUCT_BUNDLE_IDENTIFIER = "com.WeberSolutions.Fmly-TreeUITests";
				PRODUCT_NAME = "$(TARGET_NAME)";
				TEST_TARGET_NAME = "Fmly Tree";
				USES_XCTRUNNER = YES;
			};
			name = Debug;
		};
		0FB180821C790D0F00F751A8 /* Release */ = {
			isa = XCBuildConfiguration;
			buildSettings = {
				INFOPLIST_FILE = "Fmly TreeUITests/Info.plist";
				LD_RUNPATH_SEARCH_PATHS = "$(inherited) @executable_path/Frameworks @loader_path/Frameworks";
				PRODUCT_BUNDLE_IDENTIFIER = "com.WeberSolutions.Fmly-TreeUITests";
				PRODUCT_NAME = "$(TARGET_NAME)";
				TEST_TARGET_NAME = "Fmly Tree";
				USES_XCTRUNNER = YES;
			};
			name = Release;
		};
/* End XCBuildConfiguration section */

/* Begin XCConfigurationList section */
		0FB1804B1C790D0F00F751A8 /* Build configuration list for PBXProject "Fmly Tree" */ = {
			isa = XCConfigurationList;
			buildConfigurations = (
				0FB180781C790D0F00F751A8 /* Debug */,
				0FB180791C790D0F00F751A8 /* Release */,
			);
			defaultConfigurationIsVisible = 0;
			defaultConfigurationName = Release;
		};
		0FB1807A1C790D0F00F751A8 /* Build configuration list for PBXNativeTarget "Fmly Tree" */ = {
			isa = XCConfigurationList;
			buildConfigurations = (
				0FB1807B1C790D0F00F751A8 /* Debug */,
				0FB1807C1C790D0F00F751A8 /* Release */,
			);
			defaultConfigurationIsVisible = 0;
			defaultConfigurationName = Release;
		};
		0FB1807D1C790D0F00F751A8 /* Build configuration list for PBXNativeTarget "Fmly TreeTests" */ = {
			isa = XCConfigurationList;
			buildConfigurations = (
				0FB1807E1C790D0F00F751A8 /* Debug */,
				0FB1807F1C790D0F00F751A8 /* Release */,
			);
			defaultConfigurationIsVisible = 0;
			defaultConfigurationName = Release;
		};
		0FB180801C790D0F00F751A8 /* Build configuration list for PBXNativeTarget "Fmly TreeUITests" */ = {
			isa = XCConfigurationList;
			buildConfigurations = (
				0FB180811C790D0F00F751A8 /* Debug */,
				0FB180821C790D0F00F751A8 /* Release */,
			);
			defaultConfigurationIsVisible = 0;
			defaultConfigurationName = Release;
		};
/* End XCConfigurationList section */
	};
	rootObject = 0FB180481C790D0F00F751A8 /* Project object */;
}
